
Microsoft Visual Studio Solution File, Format Version 12.00
# Visual Studio 15
Project("{FAE04EC0-301F-11D3-BF4B-00C04F79EFBC}") = "UniRx", "UniRx.csproj", "{2295A0D7-6F52-9525-6FCB-A450BF5DA2E9}"
EndProject
Project("{FAE04EC0-301F-11D3-BF4B-00C04F79EFBC}") = "Assembly-CSharp", "Assembly-CSharp.csproj", "{138040FB-11AB-5062-09CB-8C7343059948}"
EndProject
Project("{FAE04EC0-301F-11D3-BF4B-00C04F79EFBC}") = "UniRx.Examples", "UniRx.Examples.csproj", "{3401BB6E-C35D-ABAE-D368-E1572305E04C}"
EndProject
Project("{FAE04EC0-301F-11D3-BF4B-00C04F79EFBC}") = "Assembly-CSharp-firstpass", "Assembly-CSharp-firstpass.csproj", "{304D8E09-7884-21D9-A9A0-B1F55E1E1299}"
EndProject
Project("{FAE04EC0-301F-11D3-BF4B-00C04F79EFBC}") = "Assembly-CSharp-Editor", "Assembly-CSharp-Editor.csproj", "{FC3079F2-AC09-B13B-3125-C784C393A8CE}"
EndProject
Global
	GlobalSection(SolutionConfigurationPlatforms) = preSolution
		Debug|Any CPU = Debug|Any CPU
		Release|Any CPU = Release|Any CPU
	EndGlobalSection
	GlobalSection(ProjectConfigurationPlatforms) = postSolution
		{2295A0D7-6F52-9525-6FCB-A450BF5DA2E9}.Debug|Any CPU.ActiveCfg = Debug|Any CPU
		{2295A0D7-6F52-9525-6FCB-A450BF5DA2E9}.Debug|Any CPU.Build.0 = Debug|Any CPU
		{2295A0D7-6F52-9525-6FCB-A450BF5DA2E9}.Release|Any CPU.ActiveCfg = Release|Any CPU
		{2295A0D7-6F52-9525-6FCB-A450BF5DA2E9}.Release|Any CPU.Build.0 = Release|Any CPU
		{138040FB-11AB-5062-09CB-8C7343059948}.Debug|Any CPU.ActiveCfg = Debug|Any CPU
		{138040FB-11AB-5062-09CB-8C7343059948}.Debug|Any CPU.Build.0 = Debug|Any CPU
		{138040FB-11AB-5062-09CB-8C7343059948}.Release|Any CPU.ActiveCfg = Release|Any CPU
		{138040FB-11AB-5062-09CB-8C7343059948}.Release|Any CPU.Build.0 = Release|Any CPU
		{3401BB6E-C35D-ABAE-D368-E1572305E04C}.Debug|Any CPU.ActiveCfg = Debug|Any CPU
		{3401BB6E-C35D-ABAE-D368-E1572305E04C}.Debug|Any CPU.Build.0 = Debug|Any CPU
		{3401BB6E-C35D-ABAE-D368-E1572305E04C}.Release|Any CPU.ActiveCfg = Release|Any CPU
		{3401BB6E-C35D-ABAE-D368-E1572305E04C}.Release|Any CPU.Build.0 = Release|Any CPU
		{304D8E09-7884-21D9-A9A0-B1F55E1E1299}.Debug|Any CPU.ActiveCfg = Debug|Any CPU
		{304D8E09-7884-21D9-A9A0-B1F55E1E1299}.Debug|Any CPU.Build.0 = Debug|Any CPU
		{304D8E09-7884-21D9-A9A0-B1F55E1E1299}.Release|Any CPU.ActiveCfg = Release|Any CPU
		{304D8E09-7884-21D9-A9A0-B1F55E1E1299}.Release|Any CPU.Build.0 = Release|Any CPU
		{FC3079F2-AC09-B13B-3125-C784C393A8CE}.Debug|Any CPU.ActiveCfg = Debug|Any CPU
		{FC3079F2-AC09-B13B-3125-C784C393A8CE}.Debug|Any CPU.Build.0 = Debug|Any CPU
		{FC3079F2-AC09-B13B-3125-C784C393A8CE}.Release|Any CPU.ActiveCfg = Release|Any CPU
		{FC3079F2-AC09-B13B-3125-C784C393A8CE}.Release|Any CPU.Build.0 = Release|Any CPU
	EndGlobalSection
	GlobalSection(SolutionProperties) = preSolution
		HideSolutionNode = FALSE
	EndGlobalSection
EndGlobal
